
Microsoft Visual Studio Solution File, Format Version 12.00
# Visual Studio Version 17
VisualStudioVersion = 17.0.32014.148
MinimumVisualStudioVersion = 10.0.40219.1
Project("{FAE04EC0-301F-11D3-BF4B-00C04F79EFBC}") = "leetcode-1480-running-sum-1d-array", "leetcode-1480-running-sum-1d-array\leetcode-1480-running-sum-1d-array.csproj", "{61A8DFD7-28C3-4C0E-A3E0-7E1D0E291881}"
EndProject
Global
	GlobalSection(SolutionConfigurationPlatforms) = preSolution
		Debug|Any CPU = Debug|Any CPU
		Release|Any CPU = Release|Any CPU
	EndGlobalSection
	GlobalSection(ProjectConfigurationPlatforms) = postSolution
		{61A8DFD7-28C3-4C0E-A3E0-7E1D0E291881}.Debug|Any CPU.ActiveCfg = Debug|Any CPU
		{61A8DFD7-28C3-4C0E-A3E0-7E1D0E291881}.Debug|Any CPU.Build.0 = Debug|Any CPU
		{61A8DFD7-28C3-4C0E-A3E0-7E1D0E291881}.Release|Any CPU.ActiveCfg = Release|Any CPU
		{61A8DFD7-28C3-4C0E-A3E0-7E1D0E291881}.Release|Any CPU.Build.0 = Release|Any CPU
	EndGlobalSection
	GlobalSection(SolutionProperties) = preSolution
		HideSolutionNode = FALSE
	EndGlobalSection
	GlobalSection(ExtensibilityGlobals) = postSolution
		SolutionGuid = {CE4EB3F3-5975-4D64-9422-1C9AADE17D50}
	EndGlobalSection
EndGlobal
